
Microsoft Visual Studio Solution File, Format Version 12.00
# Visual Studio Version 16
VisualStudioVersion = 16.0.30128.36
MinimumVisualStudioVersion = 10.0.40219.1
Project("{FAE04EC0-301F-11D3-BF4B-00C04F79EFBC}") = "DistributedDrawing.Server", "Server\DistributedDrawing.Server.csproj", "{91C944E5-9F9B-4683-9EB4-1B49B7D8E647}"
EndProject
Project("{FAE04EC0-301F-11D3-BF4B-00C04F79EFBC}") = "DistributedDrawing.Client", "Client\DistributedDrawing.Client.csproj", "{07C1291C-F725-4551-A43F-70AB4C5B97F5}"
EndProject
Project("{FAE04EC0-301F-11D3-BF4B-00C04F79EFBC}") = "DistributedDrawing.Shared", "Shared\DistributedDrawing.Shared.csproj", "{C9F6514B-EAF2-48E1-A17F-24B882000AF4}"
EndProject
Global
	GlobalSection(SolutionConfigurationPlatforms) = preSolution
		Debug|Any CPU = Debug|Any CPU
		Release|Any CPU = Release|Any CPU
	EndGlobalSection
	GlobalSection(ProjectConfigurationPlatforms) = postSolution
		{91C944E5-9F9B-4683-9EB4-1B49B7D8E647}.Debug|Any CPU.ActiveCfg = Debug|Any CPU
		{91C944E5-9F9B-4683-9EB4-1B49B7D8E647}.Debug|Any CPU.Build.0 = Debug|Any CPU
		{91C944E5-9F9B-4683-9EB4-1B49B7D8E647}.Release|Any CPU.ActiveCfg = Release|Any CPU
		{91C944E5-9F9B-4683-9EB4-1B49B7D8E647}.Release|Any CPU.Build.0 = Release|Any CPU
		{07C1291C-F725-4551-A43F-70AB4C5B97F5}.Debug|Any CPU.ActiveCfg = Debug|Any CPU
		{07C1291C-F725-4551-A43F-70AB4C5B97F5}.Debug|Any CPU.Build.0 = Debug|Any CPU
		{07C1291C-F725-4551-A43F-70AB4C5B97F5}.Release|Any CPU.ActiveCfg = Release|Any CPU
		{07C1291C-F725-4551-A43F-70AB4C5B97F5}.Release|Any CPU.Build.0 = Release|Any CPU
		{C9F6514B-EAF2-48E1-A17F-24B882000AF4}.Debug|Any CPU.ActiveCfg = Debug|Any CPU
		{C9F6514B-EAF2-48E1-A17F-24B882000AF4}.Debug|Any CPU.Build.0 = Debug|Any CPU
		{C9F6514B-EAF2-48E1-A17F-24B882000AF4}.Release|Any CPU.ActiveCfg = Release|Any CPU
		{C9F6514B-EAF2-48E1-A17F-24B882000AF4}.Release|Any CPU.Build.0 = Release|Any CPU
	EndGlobalSection
	GlobalSection(SolutionProperties) = preSolution
		HideSolutionNode = FALSE
	EndGlobalSection
	GlobalSection(ExtensibilityGlobals) = postSolution
		SolutionGuid = {0789F45D-EFC4-4909-B67D-4F5DF8267082}
	EndGlobalSection
EndGlobal
